
Microsoft Visual Studio Solution File, Format Version 12.00
# Visual Studio Version 17
VisualStudioVersion = 17.8.34525.116
MinimumVisualStudioVersion = 10.0.40219.1
Project("{9A19103F-16F7-4668-BE54-9A1E7A4F7556}") = "SimpleBookCatalog.Domain", "SimpleBookCatalog.Domain\SimpleBookCatalog.Domain.csproj", "{EA84F8CD-E29E-436E-9D83-F7C5539B5750}"
EndProject
Project("{9A19103F-16F7-4668-BE54-9A1E7A4F7556}") = "SimpleBookCatalog.Application", "SimpleBookCatalog.Application\SimpleBookCatalog.Application.csproj", "{781EEA5A-232F-4A2C-9A77-3A6415D953A2}"
EndProject
Project("{9A19103F-16F7-4668-BE54-9A1E7A4F7556}") = "SimpleBookCatalog.Infrastructure", "SimpleBookCatalog.Infrastructure\SimpleBookCatalog.Infrastructure.csproj", "{E81F1390-F60F-4651-8FAA-8429E652177F}"
EndProject
Project("{9A19103F-16F7-4668-BE54-9A1E7A4F7556}") = "SimpleBookCatalog", "SimpleBookCatalog\SimpleBookCatalog.csproj", "{BD9B3661-A8D6-4A37-886E-419FCCB934E6}"
EndProject
Project("{FAE04EC0-301F-11D3-BF4B-00C04F79EFBC}") = "UnitTesting.Api.Tests", "UnitTesting.Api.Tests\UnitTesting.Api.Tests.csproj", "{18F9AB5E-6CBB-41D5-9946-BFDAFC9F6C41}"
EndProject
Global
	GlobalSection(SolutionConfigurationPlatforms) = preSolution
		Debug|Any CPU = Debug|Any CPU
		Release|Any CPU = Release|Any CPU
	EndGlobalSection
	GlobalSection(ProjectConfigurationPlatforms) = postSolution
		{EA84F8CD-E29E-436E-9D83-F7C5539B5750}.Debug|Any CPU.ActiveCfg = Debug|Any CPU
		{EA84F8CD-E29E-436E-9D83-F7C5539B5750}.Debug|Any CPU.Build.0 = Debug|Any CPU
		{EA84F8CD-E29E-436E-9D83-F7C5539B5750}.Release|Any CPU.ActiveCfg = Release|Any CPU
		{EA84F8CD-E29E-436E-9D83-F7C5539B5750}.Release|Any CPU.Build.0 = Release|Any CPU
		{781EEA5A-232F-4A2C-9A77-3A6415D953A2}.Debug|Any CPU.ActiveCfg = Debug|Any CPU
		{781EEA5A-232F-4A2C-9A77-3A6415D953A2}.Debug|Any CPU.Build.0 = Debug|Any CPU
		{781EEA5A-232F-4A2C-9A77-3A6415D953A2}.Release|Any CPU.ActiveCfg = Release|Any CPU
		{781EEA5A-232F-4A2C-9A77-3A6415D953A2}.Release|Any CPU.Build.0 = Release|Any CPU
		{E81F1390-F60F-4651-8FAA-8429E652177F}.Debug|Any CPU.ActiveCfg = Debug|Any CPU
		{E81F1390-F60F-4651-8FAA-8429E652177F}.Debug|Any CPU.Build.0 = Debug|Any CPU
		{E81F1390-F60F-4651-8FAA-8429E652177F}.Release|Any CPU.ActiveCfg = Release|Any CPU
		{E81F1390-F60F-4651-8FAA-8429E652177F}.Release|Any CPU.Build.0 = Release|Any CPU
		{BD9B3661-A8D6-4A37-886E-419FCCB934E6}.Debug|Any CPU.ActiveCfg = Debug|Any CPU
		{BD9B3661-A8D6-4A37-886E-419FCCB934E6}.Debug|Any CPU.Build.0 = Debug|Any CPU
		{BD9B3661-A8D6-4A37-886E-419FCCB934E6}.Release|Any CPU.ActiveCfg = Release|Any CPU
		{BD9B3661-A8D6-4A37-886E-419FCCB934E6}.Release|Any CPU.Build.0 = Release|Any CPU
		{18F9AB5E-6CBB-41D5-9946-BFDAFC9F6C41}.Debug|Any CPU.ActiveCfg = Debug|Any CPU
		{18F9AB5E-6CBB-41D5-9946-BFDAFC9F6C41}.Debug|Any CPU.Build.0 = Debug|Any CPU
		{18F9AB5E-6CBB-41D5-9946-BFDAFC9F6C41}.Release|Any CPU.ActiveCfg = Release|Any CPU
		{18F9AB5E-6CBB-41D5-9946-BFDAFC9F6C41}.Release|Any CPU.Build.0 = Release|Any CPU
	EndGlobalSection
	GlobalSection(SolutionProperties) = preSolution
		HideSolutionNode = FALSE
	EndGlobalSection
	GlobalSection(ExtensibilityGlobals) = postSolution
		SolutionGuid = {1865E8BA-BB2A-4206-9058-557D9CA4BA66}
	EndGlobalSection
EndGlobal
